{
  "name": "test",
  "version": "1.0.0",
  "lockfileVersion": 3,
  "requires": true,
  "packages": {
    "": {
      "name": "test",
      "version": "1.0.0",
      "license": "ISC",
      "dependencies": {
        "puppeteer": "^24.1.1",
        "puppeteer-real-browser": "^1.3.22",
        "twilio": "^5.4.2"
      }
    },
    "node_modules/@babel/code-frame": {
      "version": "7.26.2",
      "license": "MIT",
      "dependencies": {
        "@babel/helper-validator-identifier": "^7.25.9",
        "js-tokens": "^4.0.0",
        "picocolors": "^1.0.0"
      },
      "engines": {
        "node": ">=6.9.0"
      }
    },
    "node_modules/@babel/helper-validator-identifier": {
      "version": "7.25.9",
      "license": "MIT",
      "engines": {
        "node": ">=6.9.0"
      }
    },
    "node_modules/@puppeteer/browsers": {
      "version": "2.7.0",
      "license": "Apache-2.0",
      "dependencies": {
        "debug": "^4.4.0",
        "extract-zip": "^2.0.1",
        "progress": "^2.0.3",
        "proxy-agent": "^6.5.0",
        "semver": "^7.6.3",
        "tar-fs": "^3.0.6",
        "unbzip2-stream": "^1.4.3",
        "yargs": "^17.7.2"
      },
      "bin": {
        "browsers": "lib/cjs/main-cli.js"
      },
      "engines": {
        "node": ">=18"
      }
    },
    "node_modules/@tootallnate/quickjs-emscripten": {
      "version": "0.23.0",
      "license": "MIT"
    },
    "node_modules/@types/bezier-js": {
      "version": "4.1.3",
      "license": "MIT"
    },
    "node_modules/@types/debug": {
      "version": "4.1.12",
      "license": "MIT",
      "dependencies": {
        "@types/ms": "*"
      }
    },
    "node_modules/@types/ms": {
      "version": "2.1.0",
      "license": "MIT"
    },
    "node_modules/@types/node": {
      "version": "22.10.10",
      "license": "MIT",
      "dependencies": {
        "undici-types": "~6.20.0"
      }
    },
    "node_modules/@types/yauzl": {
      "version": "2.10.3",
      "license": "MIT",
      "optional": true,
      "dependencies": {
        "@types/node": "*"
      }
    },
    "node_modules/agent-base": {
      "version": "7.1.3",
      "license": "MIT",
      "engines": {
        "node": ">= 14"
      }
    },
    "node_modules/ansi-regex": {
      "version": "5.0.1",
      "license": "MIT",
      "engines": {
        "node": ">=8"
      }
    },
    "node_modules/ansi-styles": {
      "version": "4.3.0",
      "license": "MIT",
      "dependencies": {
        "color-convert": "^2.0.1"
      },
      "engines": {
        "node": ">=8"
      },
      "funding": {
        "url": "https://github.com/chalk/ansi-styles?sponsor=1"
      }
    },
    "node_modules/argparse": {
      "version": "2.0.1",
      "license": "Python-2.0"
    },
    "node_modules/ast-types": {
      "version": "0.13.4",
      "license": "MIT",
      "dependencies": {
        "tslib": "^2.0.1"
      },
      "engines": {
        "node": ">=4"
      }
    },
    "node_modules/asynckit": {
      "version": "0.4.0",
      "license": "MIT"
    },
    "node_modules/axios": {
      "version": "1.7.9",
      "license": "MIT",
      "dependencies": {
        "follow-redirects": "^1.15.6",
        "form-data": "^4.0.0",
        "proxy-from-env": "^1.1.0"
      }
    },
    "node_modules/b4a": {
      "version": "1.6.7",
      "license": "Apache-2.0"
    },
    "node_modules/bare-events": {
      "version": "2.5.4",
      "license": "Apache-2.0",
      "optional": true
    },
    "node_modules/bare-fs": {
      "version": "4.0.1",
      "license": "Apache-2.0",
      "optional": true,
      "dependencies": {
        "bare-events": "^2.0.0",
        "bare-path": "^3.0.0",
        "bare-stream": "^2.0.0"
      },
      "engines": {
        "bare": ">=1.7.0"
      }
    },
    "node_modules/bare-os": {
      "version": "3.4.0",
      "license": "Apache-2.0",
      "optional": true,
      "engines": {
        "bare": ">=1.6.0"
      }
    },
    "node_modules/bare-path": {
      "version": "3.0.0",
      "license": "Apache-2.0",
      "optional": true,
      "dependencies": {
        "bare-os": "^3.0.1"
      }
    },
    "node_modules/bare-stream": {
      "version": "2.6.4",
      "license": "Apache-2.0",
      "optional": true,
      "dependencies": {
        "streamx": "^2.21.0"
      },
      "peerDependencies": {
        "bare-buffer": "*",
        "bare-events": "*"
      },
      "peerDependenciesMeta": {
        "bare-buffer": {
          "optional": true
        },
        "bare-events": {
          "optional": true
        }
      }
    },
    "node_modules/base64-js": {
      "version": "1.5.1",
      "funding": [
        {
          "type": "github",
          "url": "https://github.com/sponsors/feross"
        },
        {
          "type": "patreon",
          "url": "https://www.patreon.com/feross"
        },
        {
          "type": "consulting",
          "url": "https://feross.org/support"
        }
      ],
      "license": "MIT"
    },
    "node_modules/basic-ftp": {
      "version": "5.0.5",
      "license": "MIT",
      "engines": {
        "node": ">=10.0.0"
      }
    },
    "node_modules/bezier-js": {
      "version": "6.1.4",
      "license": "MIT",
      "funding": {
        "type": "individual",
        "url": "https://github.com/Pomax/bezierjs/blob/master/FUNDING.md"
      }
    },
    "node_modules/buffer": {
      "version": "5.7.1",
      "funding": [
        {
          "type": "github",
          "url": "https://github.com/sponsors/feross"
        },
        {
          "type": "patreon",
          "url": "https://www.patreon.com/feross"
        },
        {
          "type": "consulting",
          "url": "https://feross.org/support"
        }
      ],
      "license": "MIT",
      "dependencies": {
        "base64-js": "^1.3.1",
        "ieee754": "^1.1.13"
      }
    },
    "node_modules/buffer-crc32": {
      "version": "0.2.13",
      "license": "MIT",
      "engines": {
        "node": "*"
      }
    },
    "node_modules/buffer-equal-constant-time": {
      "version": "1.0.1",
      "license": "BSD-3-Clause"
    },
    "node_modules/call-bind-apply-helpers": {
      "version": "1.0.1",
      "license": "MIT",
      "dependencies": {
        "es-errors": "^1.3.0",
        "function-bind": "^1.1.2"
      },
      "engines": {
        "node": ">= 0.4"
      }
    },
    "node_modules/call-bound": {
      "version": "1.0.3",
      "license": "MIT",
      "dependencies": {
        "call-bind-apply-helpers": "^1.0.1",
        "get-intrinsic": "^1.2.6"
      },
      "engines": {
        "node": ">= 0.4"
      },
      "funding": {
        "url": "https://github.com/sponsors/ljharb"
      }
    },
    "node_modules/callsites": {
      "version": "3.1.0",
      "license": "MIT",
      "engines": {
        "node": ">=6"
      }
    },
    "node_modules/chrome-launcher": {
      "version": "1.1.2",
      "license": "Apache-2.0",
      "dependencies": {
        "@types/node": "*",
        "escape-string-regexp": "^4.0.0",
        "is-wsl": "^2.2.0",
        "lighthouse-logger": "^2.0.1"
      },
      "bin": {
        "print-chrome-path": "bin/print-chrome-path.js"
      },
      "engines": {
        "node": ">=12.13.0"
      }
    },
    "node_modules/chromium-bidi": {
      "version": "1.1.0",
      "license": "Apache-2.0",
      "dependencies": {
        "mitt": "3.0.1",
        "zod": "3.24.1"
      },
      "peerDependencies": {
        "devtools-protocol": "*"
      }
    },
    "node_modules/cliui": {
      "version": "8.0.1",
      "license": "ISC",
      "dependencies": {
        "string-width": "^4.2.0",
        "strip-ansi": "^6.0.1",
        "wrap-ansi": "^7.0.0"
      },
      "engines": {
        "node": ">=12"
      }
    },
    "node_modules/color-convert": {
      "version": "2.0.1",
      "license": "MIT",
      "dependencies": {
        "color-name": "~1.1.4"
      },
      "engines": {
        "node": ">=7.0.0"
      }
    },
    "node_modules/color-name": {
      "version": "1.1.4",
      "license": "MIT"
    },
    "node_modules/combined-stream": {
      "version": "1.0.8",
      "license": "MIT",
      "dependencies": {
        "delayed-stream": "~1.0.0"
      },
      "engines": {
        "node": ">= 0.8"
      }
    },
    "node_modules/cosmiconfig": {
      "version": "9.0.0",
      "license": "MIT",
      "dependencies": {
        "env-paths": "^2.2.1",
        "import-fresh": "^3.3.0",
        "js-yaml": "^4.1.0",
        "parse-json": "^5.2.0"
      },
      "engines": {
        "node": ">=14"
      },
      "funding": {
        "url": "https://github.com/sponsors/d-fischer"
      },
      "peerDependencies": {
        "typescript": ">=4.9.5"
      },
      "peerDependenciesMeta": {
        "typescript": {
          "optional": true
        }
      }
    },
    "node_modules/data-uri-to-buffer": {
      "version": "6.0.2",
      "license": "MIT",
      "engines": {
        "node": ">= 14"
      }
    },
    "node_modules/dayjs": {
      "version": "1.11.13",
      "license": "MIT"
    },
    "node_modules/debug": {
      "version": "4.4.0",
      "license": "MIT",
      "dependencies": {
        "ms": "^2.1.3"
      },
      "engines": {
        "node": ">=6.0"
      },
      "peerDependenciesMeta": {
        "supports-color": {
          "optional": true
        }
      }
    },
    "node_modules/deepmerge": {
      "version": "4.3.1",
      "license": "MIT",
      "engines": {
        "node": ">=0.10.0"
      }
    },
    "node_modules/degenerator": {
      "version": "5.0.1",
      "license": "MIT",
      "dependencies": {
        "ast-types": "^0.13.4",
        "escodegen": "^2.1.0",
        "esprima": "^4.0.1"
      },
      "engines": {
        "node": ">= 14"
      }
    },
    "node_modules/delayed-stream": {
      "version": "1.0.0",
      "license": "MIT",
      "engines": {
        "node": ">=0.4.0"
      }
    },
    "node_modules/devtools-protocol": {
      "version": "0.0.1380148",
      "license": "BSD-3-Clause"
    },
    "node_modules/dunder-proto": {
      "version": "1.0.1",
      "license": "MIT",
      "dependencies": {
        "call-bind-apply-helpers": "^1.0.1",
        "es-errors": "^1.3.0",
        "gopd": "^1.2.0"
      },
      "engines": {
        "node": ">= 0.4"
      }
    },
    "node_modules/ecdsa-sig-formatter": {
      "version": "1.0.11",
      "license": "Apache-2.0",
      "dependencies": {
        "safe-buffer": "^5.0.1"
      }
    },
    "node_modules/emoji-regex": {
      "version": "8.0.0",
      "license": "MIT"
    },
    "node_modules/end-of-stream": {
      "version": "1.4.4",
      "license": "MIT",
      "dependencies": {
        "once": "^1.4.0"
      }
    },
    "node_modules/env-paths": {
      "version": "2.2.1",
      "license": "MIT",
      "engines": {
        "node": ">=6"
      }
    },
    "node_modules/error-ex": {
      "version": "1.3.2",
      "license": "MIT",
      "dependencies": {
        "is-arrayish": "^0.2.1"
      }
    },
    "node_modules/es-define-property": {
      "version": "1.0.1",
      "license": "MIT",
      "engines": {
        "node": ">= 0.4"
      }
    },
    "node_modules/es-errors": {
      "version": "1.3.0",
      "license": "MIT",
      "engines": {
        "node": ">= 0.4"
      }
    },
    "node_modules/es-object-atoms": {
      "version": "1.1.1",
      "license": "MIT",
      "dependencies": {
        "es-errors": "^1.3.0"
      },
      "engines": {
        "node": ">= 0.4"
      }
    },
    "node_modules/escalade": {
      "version": "3.2.0",
      "license": "MIT",
      "engines": {
        "node": ">=6"
      }
    },
    "node_modules/escape-string-regexp": {
      "version": "4.0.0",
      "license": "MIT",
      "engines": {
        "node": ">=10"
      },
      "funding": {
        "url": "https://github.com/sponsors/sindresorhus"
      }
    },
    "node_modules/escodegen": {
      "version": "2.1.0",
      "license": "BSD-2-Clause",
      "dependencies": {
        "esprima": "^4.0.1",
        "estraverse": "^5.2.0",
        "esutils": "^2.0.2"
      },
      "bin": {
        "escodegen": "bin/escodegen.js",
        "esgenerate": "bin/esgenerate.js"
      },
      "engines": {
        "node": ">=6.0"
      },
      "optionalDependencies": {
        "source-map": "~0.6.1"
      }
    },
    "node_modules/esprima": {
      "version": "4.0.1",
      "license": "BSD-2-Clause",
      "bin": {
        "esparse": "bin/esparse.js",
        "esvalidate": "bin/esvalidate.js"
      },
      "engines": {
        "node": ">=4"
      }
    },
    "node_modules/estraverse": {
      "version": "5.3.0",
      "license": "BSD-2-Clause",
      "engines": {
        "node": ">=4.0"
      }
    },
    "node_modules/esutils": {
      "version": "2.0.3",
      "license": "BSD-2-Clause",
      "engines": {
        "node": ">=0.10.0"
      }
    },
    "node_modules/extract-zip": {
      "version": "2.0.1",
      "license": "BSD-2-Clause",
      "dependencies": {
        "debug": "^4.1.1",
        "get-stream": "^5.1.0",
        "yauzl": "^2.10.0"
      },
      "bin": {
        "extract-zip": "cli.js"
      },
      "engines": {
        "node": ">= 10.17.0"
      },
      "optionalDependencies": {
        "@types/yauzl": "^2.9.1"
      }
    },
    "node_modules/fast-fifo": {
      "version": "1.3.2",
      "license": "MIT"
    },
    "node_modules/fd-slicer": {
      "version": "1.1.0",
      "license": "MIT",
      "dependencies": {
        "pend": "~1.2.0"
      }
    },
    "node_modules/follow-redirects": {
      "version": "1.15.9",
      "funding": [
        {
          "type": "individual",
          "url": "https://github.com/sponsors/RubenVerborgh"
        }
      ],
      "license": "MIT",
      "engines": {
        "node": ">=4.0"
      },
      "peerDependenciesMeta": {
        "debug": {
          "optional": true
        }
      }
    },
    "node_modules/form-data": {
      "version": "4.0.1",
      "license": "MIT",
      "dependencies": {
        "asynckit": "^0.4.0",
        "combined-stream": "^1.0.8",
        "mime-types": "^2.1.12"
      },
      "engines": {
        "node": ">= 6"
      }
    },
    "node_modules/function-bind": {
      "version": "1.1.2",
      "license": "MIT",
      "funding": {
        "url": "https://github.com/sponsors/ljharb"
      }
    },
    "node_modules/get-caller-file": {
      "version": "2.0.5",
      "license": "ISC",
      "engines": {
        "node": "6.* || 8.* || >= 10.*"
      }
    },
    "node_modules/get-intrinsic": {
      "version": "1.2.7",
      "license": "MIT",
      "dependencies": {
        "call-bind-apply-helpers": "^1.0.1",
        "es-define-property": "^1.0.1",
        "es-errors": "^1.3.0",
        "es-object-atoms": "^1.0.0",
        "function-bind": "^1.1.2",
        "get-proto": "^1.0.0",
        "gopd": "^1.2.0",
        "has-symbols": "^1.1.0",
        "hasown": "^2.0.2",
        "math-intrinsics": "^1.1.0"
      },
      "engines": {
        "node": ">= 0.4"
      },
      "funding": {
        "url": "https://github.com/sponsors/ljharb"
      }
    },
    "node_modules/get-proto": {
      "version": "1.0.1",
      "license": "MIT",
      "dependencies": {
        "dunder-proto": "^1.0.1",
        "es-object-atoms": "^1.0.0"
      },
      "engines": {
        "node": ">= 0.4"
      }
    },
    "node_modules/get-stream": {
      "version": "5.2.0",
      "license": "MIT",
      "dependencies": {
        "pump": "^3.0.0"
      },
      "engines": {
        "node": ">=8"
      },
      "funding": {
        "url": "https://github.com/sponsors/sindresorhus"
      }
    },
    "node_modules/get-uri": {
      "version": "6.0.4",
      "license": "MIT",
      "dependencies": {
        "basic-ftp": "^5.0.2",
        "data-uri-to-buffer": "^6.0.2",
        "debug": "^4.3.4"
      },
      "engines": {
        "node": ">= 14"
      }
    },
    "node_modules/ghost-cursor": {
      "version": "1.3.0",
      "license": "ISC",
      "dependencies": {
        "@types/bezier-js": "4",
        "bezier-js": "^6.1.3",
        "debug": "^4.3.4"
      }
    },
    "node_modules/gopd": {
      "version": "1.2.0",
      "license": "MIT",
      "engines": {
        "node": ">= 0.4"
      },
      "funding": {
        "url": "https://github.com/sponsors/ljharb"
      }
    },
    "node_modules/has-symbols": {
      "version": "1.1.0",
      "license": "MIT",
      "engines": {
        "node": ">= 0.4"
      },
      "funding": {
        "url": "https://github.com/sponsors/ljharb"
      }
    },
    "node_modules/hasown": {
      "version": "2.0.2",
      "license": "MIT",
      "dependencies": {
        "function-bind": "^1.1.2"
      },
      "engines": {
        "node": ">= 0.4"
      }
    },
    "node_modules/http-proxy-agent": {
      "version": "7.0.2",
      "license": "MIT",
      "dependencies": {
        "agent-base": "^7.1.0",
        "debug": "^4.3.4"
      },
      "engines": {
        "node": ">= 14"
      }
    },
    "node_modules/https-proxy-agent": {
      "version": "7.0.6",
      "license": "MIT",
      "dependencies": {
        "agent-base": "^7.1.2",
        "debug": "4"
      },
      "engines": {
        "node": ">= 14"
      }
    },
    "node_modules/ieee754": {
      "version": "1.2.1",
      "funding": [
        {
          "type": "github",
          "url": "https://github.com/sponsors/feross"
        },
        {
          "type": "patreon",
          "url": "https://www.patreon.com/feross"
        },
        {
          "type": "consulting",
          "url": "https://feross.org/support"
        }
      ],
      "license": "BSD-3-Clause"
    },
    "node_modules/import-fresh": {
      "version": "3.3.0",
      "license": "MIT",
      "dependencies": {
        "parent-module": "^1.0.0",
        "resolve-from": "^4.0.0"
      },
      "engines": {
        "node": ">=6"
      },
      "funding": {
        "url": "https://github.com/sponsors/sindresorhus"
      }
    },
    "node_modules/ip-address": {
      "version": "9.0.5",
      "license": "MIT",
      "dependencies": {
        "jsbn": "1.1.0",
        "sprintf-js": "^1.1.3"
      },
      "engines": {
        "node": ">= 12"
      }
    },
    "node_modules/is-arrayish": {
      "version": "0.2.1",
      "license": "MIT"
    },
    "node_modules/is-docker": {
      "version": "2.2.1",
      "license": "MIT",
      "bin": {
        "is-docker": "cli.js"
      },
      "engines": {
        "node": ">=8"
      },
      "funding": {
        "url": "https://github.com/sponsors/sindresorhus"
      }
    },
    "node_modules/is-fullwidth-code-point": {
      "version": "3.0.0",
      "license": "MIT",
      "engines": {
        "node": ">=8"
      }
    },
    "node_modules/is-wsl": {
      "version": "2.2.0",
      "license": "MIT",
      "dependencies": {
        "is-docker": "^2.0.0"
      },
      "engines": {
        "node": ">=8"
      }
    },
    "node_modules/js-tokens": {
      "version": "4.0.0",
      "license": "MIT"
    },
    "node_modules/js-yaml": {
      "version": "4.1.0",
      "license": "MIT",
      "dependencies": {
        "argparse": "^2.0.1"
      },
      "bin": {
        "js-yaml": "bin/js-yaml.js"
      }
    },
    "node_modules/jsbn": {
      "version": "1.1.0",
      "license": "MIT"
    },
    "node_modules/json-parse-even-better-errors": {
      "version": "2.3.1",
      "license": "MIT"
    },
    "node_modules/jsonwebtoken": {
      "version": "9.0.2",
      "license": "MIT",
      "dependencies": {
        "jws": "^3.2.2",
        "lodash.includes": "^4.3.0",
        "lodash.isboolean": "^3.0.3",
        "lodash.isinteger": "^4.0.4",
        "lodash.isnumber": "^3.0.3",
        "lodash.isplainobject": "^4.0.6",
        "lodash.isstring": "^4.0.1",
        "lodash.once": "^4.0.0",
        "ms": "^2.1.1",
        "semver": "^7.5.4"
      },
      "engines": {
        "node": ">=12",
        "npm": ">=6"
      }
    },
    "node_modules/jwa": {
      "version": "1.4.1",
      "license": "MIT",
      "dependencies": {
        "buffer-equal-constant-time": "1.0.1",
        "ecdsa-sig-formatter": "1.0.11",
        "safe-buffer": "^5.0.1"
      }
    },
    "node_modules/jws": {
      "version": "3.2.2",
      "license": "MIT",
      "dependencies": {
        "jwa": "^1.4.1",
        "safe-buffer": "^5.0.1"
      }
    },
    "node_modules/lighthouse-logger": {
      "version": "2.0.1",
      "license": "Apache-2.0",
      "dependencies": {
        "debug": "^2.6.9",
        "marky": "^1.2.2"
      }
    },
    "node_modules/lighthouse-logger/node_modules/debug": {
      "version": "2.6.9",
      "license": "MIT",
      "dependencies": {
        "ms": "2.0.0"
      }
    },
    "node_modules/lighthouse-logger/node_modules/ms": {
      "version": "2.0.0",
      "license": "MIT"
    },
    "node_modules/lines-and-columns": {
      "version": "1.2.4",
      "license": "MIT"
    },
    "node_modules/lodash.includes": {
      "version": "4.3.0",
      "license": "MIT"
    },
    "node_modules/lodash.isboolean": {
      "version": "3.0.3",
      "license": "MIT"
    },
    "node_modules/lodash.isinteger": {
      "version": "4.0.4",
      "license": "MIT"
    },
    "node_modules/lodash.isnumber": {
      "version": "3.0.3",
      "license": "MIT"
    },
    "node_modules/lodash.isplainobject": {
      "version": "4.0.6",
      "license": "MIT"
    },
    "node_modules/lodash.isstring": {
      "version": "4.0.1",
      "license": "MIT"
    },
    "node_modules/lodash.once": {
      "version": "4.1.1",
      "license": "MIT"
    },
    "node_modules/lru-cache": {
      "version": "7.18.3",
      "license": "ISC",
      "engines": {
        "node": ">=12"
      }
    },
    "node_modules/marky": {
      "version": "1.2.5",
      "license": "Apache-2.0"
    },
    "node_modules/math-intrinsics": {
      "version": "1.1.0",
      "license": "MIT",
      "engines": {
        "node": ">= 0.4"
      }
    },
    "node_modules/mime-db": {
      "version": "1.52.0",
      "license": "MIT",
      "engines": {
        "node": ">= 0.6"
      }
    },
    "node_modules/mime-types": {
      "version": "2.1.35",
      "license": "MIT",
      "dependencies": {
        "mime-db": "1.52.0"
      },
      "engines": {
        "node": ">= 0.6"
      }
    },
    "node_modules/mitt": {
      "version": "3.0.1",
      "license": "MIT"
    },
    "node_modules/ms": {
      "version": "2.1.3",
      "license": "MIT"
    },
    "node_modules/nan": {
      "version": "2.22.0",
      "resolved": "https://registry.npmjs.org/nan/-/nan-2.22.0.tgz",
      "integrity": "sha512-nbajikzWTMwsW+eSsNm3QwlOs7het9gGJU5dDZzRTQGk03vyBOauxgI4VakDzE0PtsGTmXPsXTbbjVhRwR5mpw==",
      "license": "MIT",
      "optional": true,
      "peer": true
    },
    "node_modules/netmask": {
      "version": "2.0.2",
      "license": "MIT",
      "engines": {
        "node": ">= 0.4.0"
      }
    },
    "node_modules/object-inspect": {
      "version": "1.13.3",
      "license": "MIT",
      "engines": {
        "node": ">= 0.4"
      },
      "funding": {
        "url": "https://github.com/sponsors/ljharb"
      }
    },
    "node_modules/once": {
      "version": "1.4.0",
      "license": "ISC",
      "dependencies": {
        "wrappy": "1"
      }
    },
    "node_modules/pac-proxy-agent": {
      "version": "7.1.0",
      "license": "MIT",
      "dependencies": {
        "@tootallnate/quickjs-emscripten": "^0.23.0",
        "agent-base": "^7.1.2",
        "debug": "^4.3.4",
        "get-uri": "^6.0.1",
        "http-proxy-agent": "^7.0.0",
        "https-proxy-agent": "^7.0.6",
        "pac-resolver": "^7.0.1",
        "socks-proxy-agent": "^8.0.5"
      },
      "engines": {
        "node": ">= 14"
      }
    },
    "node_modules/pac-resolver": {
      "version": "7.0.1",
      "license": "MIT",
      "dependencies": {
        "degenerator": "^5.0.0",
        "netmask": "^2.0.2"
      },
      "engines": {
        "node": ">= 14"
      }
    },
    "node_modules/parent-module": {
      "version": "1.0.1",
      "license": "MIT",
      "dependencies": {
        "callsites": "^3.0.0"
      },
      "engines": {
        "node": ">=6"
      }
    },
    "node_modules/parse-json": {
      "version": "5.2.0",
      "license": "MIT",
      "dependencies": {
        "@babel/code-frame": "^7.0.0",
        "error-ex": "^1.3.1",
        "json-parse-even-better-errors": "^2.3.0",
        "lines-and-columns": "^1.1.6"
      },
      "engines": {
        "node": ">=8"
      },
      "funding": {
        "url": "https://github.com/sponsors/sindresorhus"
      }
    },
    "node_modules/pend": {
      "version": "1.2.0",
      "license": "MIT"
    },
    "node_modules/picocolors": {
      "version": "1.1.1",
      "license": "ISC"
    },
    "node_modules/progress": {
      "version": "2.0.3",
      "license": "MIT",
      "engines": {
        "node": ">=0.4.0"
      }
    },
    "node_modules/proxy-agent": {
      "version": "6.5.0",
      "license": "MIT",
      "dependencies": {
        "agent-base": "^7.1.2",
        "debug": "^4.3.4",
        "http-proxy-agent": "^7.0.1",
        "https-proxy-agent": "^7.0.6",
        "lru-cache": "^7.14.1",
        "pac-proxy-agent": "^7.1.0",
        "proxy-from-env": "^1.1.0",
        "socks-proxy-agent": "^8.0.5"
      },
      "engines": {
        "node": ">= 14"
      }
    },
    "node_modules/proxy-from-env": {
      "version": "1.1.0",
      "license": "MIT"
    },
    "node_modules/pump": {
      "version": "3.0.2",
      "license": "MIT",
      "dependencies": {
        "end-of-stream": "^1.1.0",
        "once": "^1.3.1"
      }
    },
    "node_modules/puppeteer": {
      "version": "24.1.1",
      "hasInstallScript": true,
      "license": "Apache-2.0",
      "dependencies": {
        "@puppeteer/browsers": "2.7.0",
        "chromium-bidi": "1.1.0",
        "cosmiconfig": "^9.0.0",
        "devtools-protocol": "0.0.1380148",
        "puppeteer-core": "24.1.1",
        "typed-query-selector": "^2.12.0"
      },
      "bin": {
        "puppeteer": "lib/cjs/puppeteer/node/cli.js"
      },
      "engines": {
        "node": ">=18"
      }
    },
    "node_modules/puppeteer-core": {
      "version": "24.1.1",
      "license": "Apache-2.0",
      "dependencies": {
        "@puppeteer/browsers": "2.7.0",
        "chromium-bidi": "1.1.0",
        "debug": "^4.4.0",
        "devtools-protocol": "0.0.1380148",
        "typed-query-selector": "^2.12.0",
        "ws": "^8.18.0"
      },
      "engines": {
        "node": ">=18"
      }
    },
    "node_modules/puppeteer-extra": {
      "version": "3.3.6",
      "resolved": "https://registry.npmjs.org/puppeteer-extra/-/puppeteer-extra-3.3.6.tgz",
      "integrity": "sha512-rsLBE/6mMxAjlLd06LuGacrukP2bqbzKCLzV1vrhHFavqQE/taQ2UXv3H5P0Ls7nsrASa+6x3bDbXHpqMwq+7A==",
      "license": "MIT",
      "dependencies": {
        "@types/debug": "^4.1.0",
        "debug": "^4.1.1",
        "deepmerge": "^4.2.2"
      },
      "engines": {
        "node": ">=8"
      },
      "peerDependencies": {
        "@types/puppeteer": "*",
        "puppeteer": "*",
        "puppeteer-core": "*"
      },
      "peerDependenciesMeta": {
        "@types/puppeteer": {
          "optional": true
        },
        "puppeteer": {
          "optional": true
        },
        "puppeteer-core": {
          "optional": true
        }
      }
    },
    "node_modules/puppeteer-real-browser": {
      "version": "1.3.22",
      "license": "ISC",
      "dependencies": {
        "chrome-launcher": "^1.1.2",
        "ghost-cursor": "^1.3.0",
        "puppeteer-extra": "^3.3.6",
        "rebrowser-puppeteer-core": "^23.3.1",
        "tree-kill": "^1.2.2"
      },
      "peerDependencies": {
        "xvfb": "*"
      },
      "peerDependenciesMeta": {
        "xvfb": {
          "optional": true
        }
      }
    },
    "node_modules/qs": {
      "version": "6.14.0",
      "license": "BSD-3-Clause",
      "dependencies": {
        "side-channel": "^1.1.0"
      },
      "engines": {
        "node": ">=0.6"
      },
      "funding": {
        "url": "https://github.com/sponsors/ljharb"
      }
    },
    "node_modules/queue-tick": {
      "version": "1.0.1",
      "license": "MIT"
    },
    "node_modules/rebrowser-puppeteer-core": {
      "version": "23.10.3",
      "license": "Apache-2.0",
      "dependencies": {
        "@puppeteer/browsers": "2.6.1",
        "chromium-bidi": "0.8.0",
        "debug": "^4.4.0",
        "devtools-protocol": "0.0.1367902",
        "typed-query-selector": "^2.12.0",
        "ws": "^8.18.0"
      },
      "engines": {
        "node": ">=18"
      }
    },
    "node_modules/rebrowser-puppeteer-core/node_modules/@puppeteer/browsers": {
      "version": "2.6.1",
      "license": "Apache-2.0",
      "dependencies": {
        "debug": "^4.4.0",
        "extract-zip": "^2.0.1",
        "progress": "^2.0.3",
        "proxy-agent": "^6.5.0",
        "semver": "^7.6.3",
        "tar-fs": "^3.0.6",
        "unbzip2-stream": "^1.4.3",
        "yargs": "^17.7.2"
      },
      "bin": {
        "browsers": "lib/cjs/main-cli.js"
      },
      "engines": {
        "node": ">=18"
      }
    },
    "node_modules/rebrowser-puppeteer-core/node_modules/chromium-bidi": {
      "version": "0.8.0",
      "license": "Apache-2.0",
      "dependencies": {
        "mitt": "3.0.1",
        "urlpattern-polyfill": "10.0.0",
        "zod": "3.23.8"
      },
      "peerDependencies": {
        "devtools-protocol": "*"
      }
    },
    "node_modules/rebrowser-puppeteer-core/node_modules/devtools-protocol": {
      "version": "0.0.1367902",
      "license": "BSD-3-Clause"
    },
    "node_modules/rebrowser-puppeteer-core/node_modules/zod": {
      "version": "3.23.8",
      "license": "MIT",
      "funding": {
        "url": "https://github.com/sponsors/colinhacks"
      }
    },
    "node_modules/require-directory": {
      "version": "2.1.1",
      "license": "MIT",
      "engines": {
        "node": ">=0.10.0"
      }
    },
    "node_modules/resolve-from": {
      "version": "4.0.0",
      "license": "MIT",
      "engines": {
        "node": ">=4"
      }
    },
    "node_modules/safe-buffer": {
      "version": "5.2.1",
      "funding": [
        {
          "type": "github",
          "url": "https://github.com/sponsors/feross"
        },
        {
          "type": "patreon",
          "url": "https://www.patreon.com/feross"
        },
        {
          "type": "consulting",
          "url": "https://feross.org/support"
        }
      ],
      "license": "MIT"
    },
    "node_modules/scmp": {
      "version": "2.1.0",
      "license": "BSD-3-Clause"
    },
    "node_modules/semver": {
      "version": "7.6.3",
      "license": "ISC",
      "bin": {
        "semver": "bin/semver.js"
      },
      "engines": {
        "node": ">=10"
      }
    },
    "node_modules/side-channel": {
      "version": "1.1.0",
      "license": "MIT",
      "dependencies": {
        "es-errors": "^1.3.0",
        "object-inspect": "^1.13.3",
        "side-channel-list": "^1.0.0",
        "side-channel-map": "^1.0.1",
        "side-channel-weakmap": "^1.0.2"
      },
      "engines": {
        "node": ">= 0.4"
      },
      "funding": {
        "url": "https://github.com/sponsors/ljharb"
      }
    },
    "node_modules/side-channel-list": {
      "version": "1.0.0",
      "license": "MIT",
      "dependencies": {
        "es-errors": "^1.3.0",
        "object-inspect": "^1.13.3"
      },
      "engines": {
        "node": ">= 0.4"
      },
      "funding": {
        "url": "https://github.com/sponsors/ljharb"
      }
    },
    "node_modules/side-channel-map": {
      "version": "1.0.1",
      "license": "MIT",
      "dependencies": {
        "call-bound": "^1.0.2",
        "es-errors": "^1.3.0",
        "get-intrinsic": "^1.2.5",
        "object-inspect": "^1.13.3"
      },
      "engines": {
        "node": ">= 0.4"
      },
      "funding": {
        "url": "https://github.com/sponsors/ljharb"
      }
    },
    "node_modules/side-channel-weakmap": {
      "version": "1.0.2",
      "license": "MIT",
      "dependencies": {
        "call-bound": "^1.0.2",
        "es-errors": "^1.3.0",
        "get-intrinsic": "^1.2.5",
        "object-inspect": "^1.13.3",
        "side-channel-map": "^1.0.1"
      },
      "engines": {
        "node": ">= 0.4"
      },
      "funding": {
        "url": "https://github.com/sponsors/ljharb"
      }
    },
    "node_modules/sleep": {
      "version": "6.1.0",
      "resolved": "https://registry.npmjs.org/sleep/-/sleep-6.1.0.tgz",
      "integrity": "sha512-Z1x4JjJxsru75Tqn8F4tnOFeEu3HjtITTsumYUiuz54sGKdISgLCek9AUlXlVVrkhltRFhNUsJDJE76SFHTDIQ==",
      "hasInstallScript": true,
      "license": "MIT",
      "optional": true,
      "peer": true,
      "dependencies": {
        "nan": "^2.13.2"
      },
      "engines": {
        "node": ">=0.8.0"
      }
    },
    "node_modules/smart-buffer": {
      "version": "4.2.0",
      "license": "MIT",
      "engines": {
        "node": ">= 6.0.0",
        "npm": ">= 3.0.0"
      }
    },
    "node_modules/socks": {
      "version": "2.8.3",
      "license": "MIT",
      "dependencies": {
        "ip-address": "^9.0.5",
        "smart-buffer": "^4.2.0"
      },
      "engines": {
        "node": ">= 10.0.0",
        "npm": ">= 3.0.0"
      }
    },
    "node_modules/socks-proxy-agent": {
      "version": "8.0.5",
      "license": "MIT",
      "dependencies": {
        "agent-base": "^7.1.2",
        "debug": "^4.3.4",
        "socks": "^2.8.3"
      },
      "engines": {
        "node": ">= 14"
      }
    },
    "node_modules/source-map": {
      "version": "0.6.1",
      "license": "BSD-3-Clause",
      "optional": true,
      "engines": {
        "node": ">=0.10.0"
      }
    },
    "node_modules/sprintf-js": {
      "version": "1.1.3",
      "license": "BSD-3-Clause"
    },
    "node_modules/streamx": {
      "version": "2.21.1",
      "license": "MIT",
      "dependencies": {
        "fast-fifo": "^1.3.2",
        "queue-tick": "^1.0.1",
        "text-decoder": "^1.1.0"
      },
      "optionalDependencies": {
        "bare-events": "^2.2.0"
      }
    },
    "node_modules/string-width": {
      "version": "4.2.3",
      "license": "MIT",
      "dependencies": {
        "emoji-regex": "^8.0.0",
        "is-fullwidth-code-point": "^3.0.0",
        "strip-ansi": "^6.0.1"
      },
      "engines": {
        "node": ">=8"
      }
    },
    "node_modules/strip-ansi": {
      "version": "6.0.1",
      "license": "MIT",
      "dependencies": {
        "ansi-regex": "^5.0.1"
      },
      "engines": {
        "node": ">=8"
      }
    },
    "node_modules/tar-fs": {
      "version": "3.0.8",
      "license": "MIT",
      "dependencies": {
        "pump": "^3.0.0",
        "tar-stream": "^3.1.5"
      },
      "optionalDependencies": {
        "bare-fs": "^4.0.1",
        "bare-path": "^3.0.0"
      }
    },
    "node_modules/tar-stream": {
      "version": "3.1.7",
      "license": "MIT",
      "dependencies": {
        "b4a": "^1.6.4",
        "fast-fifo": "^1.2.0",
        "streamx": "^2.15.0"
      }
    },
    "node_modules/text-decoder": {
      "version": "1.2.3",
      "license": "Apache-2.0",
      "dependencies": {
        "b4a": "^1.6.4"
      }
    },
    "node_modules/through": {
      "version": "2.3.8",
      "license": "MIT"
    },
    "node_modules/tree-kill": {
      "version": "1.2.2",
      "license": "MIT",
      "bin": {
        "tree-kill": "cli.js"
      }
    },
    "node_modules/tslib": {
      "version": "2.8.1",
      "license": "0BSD"
    },
    "node_modules/twilio": {
      "version": "5.4.2",
      "license": "MIT",
      "dependencies": {
        "axios": "^1.7.4",
        "dayjs": "^1.11.9",
        "https-proxy-agent": "^5.0.0",
        "jsonwebtoken": "^9.0.2",
        "qs": "^6.9.4",
        "scmp": "^2.1.0",
        "xmlbuilder": "^13.0.2"
      },
      "engines": {
        "node": ">=14.0"
      }
    },
    "node_modules/twilio/node_modules/agent-base": {
      "version": "6.0.2",
      "license": "MIT",
      "dependencies": {
        "debug": "4"
      },
      "engines": {
        "node": ">= 6.0.0"
      }
    },
    "node_modules/twilio/node_modules/https-proxy-agent": {
      "version": "5.0.1",
      "license": "MIT",
      "dependencies": {
        "agent-base": "6",
        "debug": "4"
      },
      "engines": {
        "node": ">= 6"
      }
    },
    "node_modules/typed-query-selector": {
      "version": "2.12.0",
      "license": "MIT"
    },
    "node_modules/unbzip2-stream": {
      "version": "1.4.3",
      "license": "MIT",
      "dependencies": {
        "buffer": "^5.2.1",
        "through": "^2.3.8"
      }
    },
    "node_modules/undici-types": {
      "version": "6.20.0",
      "license": "MIT"
    },
    "node_modules/urlpattern-polyfill": {
      "version": "10.0.0",
      "license": "MIT"
    },
    "node_modules/wrap-ansi": {
      "version": "7.0.0",
      "license": "MIT",
      "dependencies": {
        "ansi-styles": "^4.0.0",
        "string-width": "^4.1.0",
        "strip-ansi": "^6.0.0"
      },
      "engines": {
        "node": ">=10"
      },
      "funding": {
        "url": "https://github.com/chalk/wrap-ansi?sponsor=1"
      }
    },
    "node_modules/wrappy": {
      "version": "1.0.2",
      "license": "ISC"
    },
    "node_modules/ws": {
      "version": "8.18.0",
      "license": "MIT",
      "engines": {
        "node": ">=10.0.0"
      },
      "peerDependencies": {
        "bufferutil": "^4.0.1",
        "utf-8-validate": ">=5.0.2"
      },
      "peerDependenciesMeta": {
        "bufferutil": {
          "optional": true
        },
        "utf-8-validate": {
          "optional": true
        }
      }
    },
    "node_modules/xmlbuilder": {
      "version": "13.0.2",
      "license": "MIT",
      "engines": {
        "node": ">=6.0"
      }
    },
    "node_modules/xvfb": {
      "version": "0.4.0",
      "resolved": "https://registry.npmjs.org/xvfb/-/xvfb-0.4.0.tgz",
      "integrity": "sha512-g55AbjcBL4Bztfn7kiUrR0ne8mMUsFODDJ+HFGf5OuHJqKKccpExX2Qgn7VF2eImw1eoh6+riXHser1J4agrFA==",
      "license": "MIT",
      "optional": true,
      "peer": true,
      "optionalDependencies": {
        "sleep": "6.1.0"
      }
    },
    "node_modules/y18n": {
      "version": "5.0.8",
      "license": "ISC",
      "engines": {
        "node": ">=10"
      }
    },
    "node_modules/yargs": {
      "version": "17.7.2",
      "license": "MIT",
      "dependencies": {
        "cliui": "^8.0.1",
        "escalade": "^3.1.1",
        "get-caller-file": "^2.0.5",
        "require-directory": "^2.1.1",
        "string-width": "^4.2.3",
        "y18n": "^5.0.5",
        "yargs-parser": "^21.1.1"
      },
      "engines": {
        "node": ">=12"
      }
    },
    "node_modules/yargs-parser": {
      "version": "21.1.1",
      "license": "ISC",
      "engines": {
        "node": ">=12"
      }
    },
    "node_modules/yauzl": {
      "version": "2.10.0",
      "license": "MIT",
      "dependencies": {
        "buffer-crc32": "~0.2.3",
        "fd-slicer": "~1.1.0"
      }
    },
    "node_modules/zod": {
      "version": "3.24.1",
      "license": "MIT",
      "funding": {
        "url": "https://github.com/sponsors/colinhacks"
      }
    }
  }
}
